
Microsoft Visual Studio Solution File, Format Version 12.00
# Visual Studio Version 16
VisualStudioVersion = 16.0.31005.135
MinimumVisualStudioVersion = 10.0.40219.1
Project("{FAE04EC0-301F-11D3-BF4B-00C04F79EFBC}") = "Oficina-Aula2-3", "Oficina-Aula2-3.csproj", "{3F7B112B-165E-47D0-AB65-F1CD90D400B5}"
EndProject
Global
	GlobalSection(SolutionConfigurationPlatforms) = preSolution
		Debug|Any CPU = Debug|Any CPU
		Release|Any CPU = Release|Any CPU
	EndGlobalSection
	GlobalSection(ProjectConfigurationPlatforms) = postSolution
		{3F7B112B-165E-47D0-AB65-F1CD90D400B5}.Debug|Any CPU.ActiveCfg = Debug|Any CPU
		{3F7B112B-165E-47D0-AB65-F1CD90D400B5}.Debug|Any CPU.Build.0 = Debug|Any CPU
		{3F7B112B-165E-47D0-AB65-F1CD90D400B5}.Release|Any CPU.ActiveCfg = Release|Any CPU
		{3F7B112B-165E-47D0-AB65-F1CD90D400B5}.Release|Any CPU.Build.0 = Release|Any CPU
	EndGlobalSection
	GlobalSection(SolutionProperties) = preSolution
		HideSolutionNode = FALSE
	EndGlobalSection
	GlobalSection(ExtensibilityGlobals) = postSolution
		SolutionGuid = {85DD6186-E929-4BE9-B54E-F7F056EE376D}
	EndGlobalSection
EndGlobal
